
Microsoft Visual Studio Solution File, Format Version 12.00
# Visual Studio Version 17
VisualStudioVersion = 17.0.32014.148
MinimumVisualStudioVersion = 10.0.40219.1
Project("{FAE04EC0-301F-11D3-BF4B-00C04F79EFBC}") = "ConsoleApp3", "ConsoleApp3\ConsoleApp3.csproj", "{0EEB1B9C-96F1-4F3B-A0F3-B478759D164C}"
EndProject
Global
	GlobalSection(SolutionConfigurationPlatforms) = preSolution
		Debug|Any CPU = Debug|Any CPU
		Release|Any CPU = Release|Any CPU
	EndGlobalSection
	GlobalSection(ProjectConfigurationPlatforms) = postSolution
		{0EEB1B9C-96F1-4F3B-A0F3-B478759D164C}.Debug|Any CPU.ActiveCfg = Debug|Any CPU
		{0EEB1B9C-96F1-4F3B-A0F3-B478759D164C}.Debug|Any CPU.Build.0 = Debug|Any CPU
		{0EEB1B9C-96F1-4F3B-A0F3-B478759D164C}.Release|Any CPU.ActiveCfg = Release|Any CPU
		{0EEB1B9C-96F1-4F3B-A0F3-B478759D164C}.Release|Any CPU.Build.0 = Release|Any CPU
	EndGlobalSection
	GlobalSection(SolutionProperties) = preSolution
		HideSolutionNode = FALSE
	EndGlobalSection
	GlobalSection(ExtensibilityGlobals) = postSolution
		SolutionGuid = {557A6677-8D47-453F-9776-A632AE25D459}
	EndGlobalSection
EndGlobal
