
Microsoft Visual Studio Solution File, Format Version 12.00
# Visual Studio Version 17
VisualStudioVersion = 17.0.32014.148
MinimumVisualStudioVersion = 10.0.40219.1
Project("{FAE04EC0-301F-11D3-BF4B-00C04F79EFBC}") = "구구단", "구구단\구구단.csproj", "{C627377E-4601-4FC2-8EB4-467D1A1C1576}"
EndProject
Global
	GlobalSection(SolutionConfigurationPlatforms) = preSolution
		Debug|Any CPU = Debug|Any CPU
		Release|Any CPU = Release|Any CPU
	EndGlobalSection
	GlobalSection(ProjectConfigurationPlatforms) = postSolution
		{C627377E-4601-4FC2-8EB4-467D1A1C1576}.Debug|Any CPU.ActiveCfg = Debug|Any CPU
		{C627377E-4601-4FC2-8EB4-467D1A1C1576}.Debug|Any CPU.Build.0 = Debug|Any CPU
		{C627377E-4601-4FC2-8EB4-467D1A1C1576}.Release|Any CPU.ActiveCfg = Release|Any CPU
		{C627377E-4601-4FC2-8EB4-467D1A1C1576}.Release|Any CPU.Build.0 = Release|Any CPU
	EndGlobalSection
	GlobalSection(SolutionProperties) = preSolution
		HideSolutionNode = FALSE
	EndGlobalSection
	GlobalSection(ExtensibilityGlobals) = postSolution
		SolutionGuid = {481E73B9-DD5C-4CC4-B09A-B2CEE98B4123}
	EndGlobalSection
EndGlobal
